# This file is automatically @generated by Cargo.
# It is not intended for manual editing.
version = 3

[[package]]
name = "synthetic_pop_cli"
version = "0.1.0"
dependencies = [
 "synthetic_pop_core",
 "synthetic_pop_scenarios",
]

[[package]]
name = "synthetic_pop_core"
version = "0.1.0"

[[package]]
name = "synthetic_pop_export"
version = "0.1.0"

[[package]]
name = "synthetic_pop_policy"
version = "0.1.0"

[[package]]
name = "synthetic_pop_scenarios"
version = "0.1.0"
